<?xml version="1.0" encoding="utf-8"?>
<Project ToolsVersion="4.0" xmlns="http://schemas.microsoft.com/developer/msbuild/2003">
  <ItemGroup>
    <Filter Include="Src">
      <UniqueIdentifier>{e3323824-6f27-4026-8442-c0f65562c736}</UniqueIdentifier>
    </Filter>
  </ItemGroup>
  <ItemGroup>
    <ClCompile Include="DemoApp\DemoApp.cpp">
      <Filter>Src</Filter>
    </ClCompile>
    <ClCompile Include="DemoApp\D3D9Enumeration.cpp">
      <Filter>Src</Filter>
    </ClCompile>
  </ItemGroup>
  <ItemGroup>
    <ClInclude Include="DemoApp\D3D9Enumeration.h">
      <Filter>Src</Filter>
    </ClInclude>
  </ItemGroup>
</Project>