<?xml version="1.0" encoding="utf-8"?>
<Project ToolsVersion="4.0" xmlns="http://schemas.microsoft.com/developer/msbuild/2003">
  <ItemGroup>
    <Filter Include="Src">
      <UniqueIdentifier>{4FC737F1-C7A5-4376-A066-2A32D752A2FF}</UniqueIdentifier>
      <Extensions>cpp;c;cc;cxx;def;odl;idl;hpj;bat;asm;asmx</Extensions>
    </Filter>
    <Filter Include="Src\GfxDevice">
      <UniqueIdentifier>{167b6449-bca0-4268-89b3-d33a35460659}</UniqueIdentifier>
    </Filter>
    <Filter Include="Src\ParticleSystem">
      <UniqueIdentifier>{4fcad079-127a-4035-a403-a4fc6c5835a5}</UniqueIdentifier>
    </Filter>
    <Filter Include="Src\Graphics">
      <UniqueIdentifier>{7a22fcb2-2fee-4a0e-b4cf-859cbc0e4d29}</UniqueIdentifier>
    </Filter>
    <Filter Include="Include">
      <UniqueIdentifier>{93995380-89BD-4b04-88EB-625FBE52EBFB}</UniqueIdentifier>
      <Extensions>h;hh;hpp;hxx;hm;inl;inc;xsd</Extensions>
    </Filter>
    <Filter Include="Src\GfxDevice\d3d">
      <UniqueIdentifier>{81538d85-c806-4e21-a693-1cbe194dded6}</UniqueIdentifier>
    </Filter>
    <Filter Include="Include\Precomplie">
      <UniqueIdentifier>{1fe18086-9d89-47bd-8b71-cf4cc19a3153}</UniqueIdentifier>
    </Filter>
    <Filter Include="Src\Utilities">
      <UniqueIdentifier>{b55cbc17-bd5f-4e1b-84ce-835f9b369dd3}</UniqueIdentifier>
    </Filter>
    <Filter Include="Src\Allocator">
      <UniqueIdentifier>{385e9d93-86f6-45ff-9e20-ac9e8a873b7b}</UniqueIdentifier>
    </Filter>
    <Filter Include="Src\Math">
      <UniqueIdentifier>{396d6fda-0541-436e-83be-845fcf5eddb5}</UniqueIdentifier>
    </Filter>
    <Filter Include="Src\Math\Simd">
      <UniqueIdentifier>{b300d897-5cf4-457a-bbab-a099da36eca9}</UniqueIdentifier>
    </Filter>
    <Filter Include="Src\Shaders">
      <UniqueIdentifier>{2b435b30-3b1b-4100-ad48-003867afa86a}</UniqueIdentifier>
    </Filter>
    <Filter Include="Src\Graphics\Mesh">
      <UniqueIdentifier>{a2e7e78c-8536-40cc-8ea7-6f13177ef013}</UniqueIdentifier>
    </Filter>
    <Filter Include="Src\Input">
      <UniqueIdentifier>{c5658546-2a66-492f-b2bc-428af16fd3cf}</UniqueIdentifier>
    </Filter>
    <Filter Include="Src\Math\Random">
      <UniqueIdentifier>{d381fa3b-3150-48ec-ab6f-c88040036514}</UniqueIdentifier>
    </Filter>
    <Filter Include="Src\Mono">
      <UniqueIdentifier>{99d48e1d-8448-44cf-9889-ce21d738a488}</UniqueIdentifier>
    </Filter>
    <Filter Include="Src\Log">
      <UniqueIdentifier>{ba0c2aa2-e4ce-4a42-aad4-aec505681217}</UniqueIdentifier>
    </Filter>
  </ItemGroup>
  <ItemGroup>
    <ClInclude Include="..\..\Include\Precomplie\PluginPrefix.h">
      <Filter>Include\Precomplie</Filter>
    </ClInclude>
    <ClInclude Include="..\..\Include\Precomplie\PrefixConfigure.h">
      <Filter>Include\Precomplie</Filter>
    </ClInclude>
    <ClInclude Include="..\..\Include\Precomplie\VisualStudioPrefix.h">
      <Filter>Include\Precomplie</Filter>
    </ClInclude>
    <ClInclude Include="..\..\Include\UnityPluginInterface.h">
      <Filter>Include</Filter>
    </ClInclude>
    <ClInclude Include="..\..\Src\Allocator\MemoryMacros.h">
      <Filter>Src\Allocator</Filter>
    </ClInclude>
	<ClInclude Include="..\..\Src\Allocator\MemoryManager.h">
      <Filter>Src\Allocator</Filter>
    </ClInclude>
    <ClInclude Include="..\..\Src\GfxDevice\BuiltinShaderParams.h">
      <Filter>Src\GfxDevice</Filter>
    </ClInclude>
    <ClInclude Include="..\..\Src\GfxDevice\BuiltinShaderParamsNames.h">
      <Filter>Src\GfxDevice</Filter>
    </ClInclude>
    <ClInclude Include="..\..\Src\GfxDevice\ChannelAssigns.h">
      <Filter>Src\GfxDevice</Filter>
    </ClInclude>
    <ClInclude Include="..\..\Src\GfxDevice\GfxBuffer.h">
      <Filter>Src\GfxDevice</Filter>
    </ClInclude>
    <ClInclude Include="..\..\Src\GfxDevice\GfxDevice.h">
      <Filter>Src\GfxDevice</Filter>
    </ClInclude>
    <ClInclude Include="..\..\Src\GfxDevice\GfxDeviceResources.h">
      <Filter>Src\GfxDevice</Filter>
    </ClInclude>
    <ClInclude Include="..\..\Src\GfxDevice\GfxDeviceTypes.h">
      <Filter>Src\GfxDevice</Filter>
    </ClInclude>
    <ClInclude Include="..\..\Src\GfxDevice\TransformState.h">
      <Filter>Src\GfxDevice</Filter>
    </ClInclude>
    <ClInclude Include="..\..\Src\GfxDevice\VertexDeclaration.h">
      <Filter>Src\GfxDevice</Filter>
    </ClInclude>
    <ClInclude Include="..\..\Src\GfxDevice\d3d\D3D9Context.h">
      <Filter>Src\GfxDevice\d3d</Filter>
    </ClInclude>
    <ClInclude Include="..\..\Src\GfxDevice\d3d\D3D9Enumeration.h">
      <Filter>Src\GfxDevice\d3d</Filter>
    </ClInclude>
    <ClInclude Include="..\..\Src\GfxDevice\d3d\ShaderConstantCacheD3D9.h">
      <Filter>Src\GfxDevice\d3d</Filter>
    </ClInclude>
    <ClInclude Include="..\..\Src\GfxDevice\d3d\D3D9Includes.h">
      <Filter>Src\GfxDevice\d3d</Filter>
    </ClInclude>
    <ClInclude Include="..\..\Src\GfxDevice\d3d\D3D9Utils.h">
      <Filter>Src\GfxDevice\d3d</Filter>
    </ClInclude>
    <ClInclude Include="..\..\Src\GfxDevice\d3d\GfxDeviceD3D9.h">
      <Filter>Src\GfxDevice\d3d</Filter>
    </ClInclude>
    <ClInclude Include="..\..\Src\GfxDevice\d3d\IndexBufferD3D9.h">
      <Filter>Src\GfxDevice\d3d</Filter>
    </ClInclude>
    <ClInclude Include="..\..\Src\GfxDevice\d3d\VertexBufferD3D9.h">
      <Filter>Src\GfxDevice\d3d</Filter>
    </ClInclude>
    <ClInclude Include="..\..\Src\GfxDevice\d3d\VertexDeclarationD3D9.h">
      <Filter>Src\GfxDevice\d3d</Filter>
    </ClInclude>
    <ClInclude Include="..\..\Src\Graphics\Renderer.h">
      <Filter>Src\Graphics</Filter>
    </ClInclude>
    <ClInclude Include="..\..\Src\Graphics\Mesh\DynamicVBO.h">
      <Filter>Src\Graphics\Mesh</Filter>
    </ClInclude>
    <ClInclude Include="..\..\Src\Graphics\Mesh\GenericDynamicVBO.h">
      <Filter>Src\Graphics\Mesh</Filter>
    </ClInclude>
    <ClInclude Include="..\..\Src\Graphics\Mesh\Mesh.h">
      <Filter>Src\Graphics\Mesh</Filter>
    </ClInclude>
    <ClInclude Include="..\..\Src\Graphics\Mesh\MeshVertexFormat.h">
      <Filter>Src\Graphics\Mesh</Filter>
    </ClInclude>
    <ClInclude Include="..\..\Src\Graphics\Mesh\SharedMeshData.h">
      <Filter>Src\Graphics\Mesh</Filter>
    </ClInclude>
    <ClInclude Include="..\..\Src\Graphics\Mesh\VertexData.h">
      <Filter>Src\Graphics\Mesh</Filter>
    </ClInclude>
    <ClInclude Include="..\..\Src\Math\FloatConversion.h">
      <Filter>Src\Math</Filter>
    </ClInclude>
    <ClInclude Include="..\..\Src\Math\Matrix3x3.h">
      <Filter>Src\Math</Filter>
    </ClInclude>
    <ClInclude Include="..\..\Src\Math\Matrix4x4.h">
      <Filter>Src\Math</Filter>
    </ClInclude>
    <ClInclude Include="..\..\Src\Math\Quaternion.h">
      <Filter>Src\Math</Filter>
    </ClInclude>
    <ClInclude Include="..\..\Src\Math\Vector3.h">
      <Filter>Src\Math</Filter>
    </ClInclude>
    <ClInclude Include="..\..\Src\Math\Vector4.h">
      <Filter>Src\Math</Filter>
    </ClInclude>
    <ClInclude Include="..\..\Src\Math\Simd\RotationOrder.h">
      <Filter>Src\Math\Simd</Filter>
    </ClInclude>
    <ClInclude Include="..\..\Src\ParticleSystem\ParticleSystem.h">
      <Filter>Src\ParticleSystem</Filter>
    </ClInclude>
    <ClInclude Include="..\..\Src\ParticleSystem\ParticleSystemRenderer.h">
      <Filter>Src\ParticleSystem</Filter>
    </ClInclude>
    <ClInclude Include="..\..\Src\Shaders\GraphicsCaps.h">
      <Filter>Src\Shaders</Filter>
    </ClInclude>
    <ClInclude Include="..\..\Src\Utilities\algorithm_utility.h">
      <Filter>Src\Utilities</Filter>
    </ClInclude>
    <ClInclude Include="..\..\Src\Utilities\BitUtility.h">
      <Filter>Src\Utilities</Filter>
    </ClInclude>
    <ClInclude Include="..\..\Src\Utilities\LinkedList.h">
      <Filter>Src\Utilities</Filter>
    </ClInclude>
    <ClInclude Include="..\..\Src\Utilities\UnionTuple.h">
      <Filter>Src\Utilities</Filter>
    </ClInclude>
    <ClInclude Include="..\..\Src\Utilities\Utility.h">
      <Filter>Src\Utilities</Filter>
    </ClInclude>
    <ClInclude Include="..\..\Src\Utilities\Word.h">
      <Filter>Src\Utilities</Filter>
    </ClInclude>
    <ClInclude Include="..\..\Src\Graphics\Mesh\ShaderChannels.h">
      <Filter>Src\Graphics\Mesh</Filter>
    </ClInclude>
    <ClInclude Include="..\..\Src\GfxDevice\d3d\GraphicsCapsD3D9.cpp">
      <Filter>Src\GfxDevice\d3d</Filter>
    </ClInclude>
    <ClInclude Include="..\..\Src\ParticleSystem\ParticleSystemModule.h">
      <Filter>Src\ParticleSystem</Filter>
    </ClInclude>
    <ClInclude Include="..\..\Src\Graphics\Transform.h">
      <Filter>Src\Graphics</Filter>
    </ClInclude>
    <ClInclude Include="..\..\Src\Input\TimeManager.h">
      <Filter>Src\Input</Filter>
    </ClInclude>
    <ClInclude Include="..\..\Src\ParticleSystem\ShapeModule.h">
      <Filter>Src\ParticleSystem</Filter>
    </ClInclude>
    <ClInclude Include="..\..\Src\ParticleSystem\InitialModule.h">
      <Filter>Src\ParticleSystem</Filter>
    </ClInclude>
    <ClInclude Include="..\..\Src\ParticleSystem\ParticleSystemParticles.h">
      <Filter>Include</Filter>
    </ClInclude>
    <ClInclude Include="..\..\Src\Math\Random\rand.h">
      <Filter>Src\Math\Random</Filter>
    </ClInclude>
    <ClInclude Include="..\..\Src\Utilities\dynamic_array.h">
      <Filter>Src\Utilities</Filter>
    </ClInclude>
    <ClInclude Include="..\..\Src\ParticleSystem\EmissionModule.h">
      <Filter>Src\ParticleSystem</Filter>
    </ClInclude>
    <ClInclude Include="..\..\Src\ParticleSystem\ParticleSystemCurves.h">
      <Filter>Src\ParticleSystem</Filter>
    </ClInclude>
    <ClInclude Include="..\..\Src\ParticleSystem\PolynomialCurve.h">
      <Filter>Src\ParticleSystem</Filter>
    </ClInclude>
    <ClInclude Include="..\..\Src\Math\AnimationCurve.h">
      <Filter>Src\Math</Filter>
    </ClInclude>
    <ClInclude Include="..\..\Src\Math\Polynomials.h">
      <Filter>Src\Math</Filter>
    </ClInclude>
    <ClInclude Include="..\..\Src\ParticleSystem\ParticleSystemGradients.h">
      <Filter>Src\ParticleSystem</Filter>
    </ClInclude>
    <ClInclude Include="..\..\Src\Math\Gradient.h">
      <Filter>Src\Math</Filter>
    </ClInclude>
    <ClInclude Include="..\..\Src\Math\Vector2.h">
      <Filter>Src\Math</Filter>
    </ClInclude>
    <ClInclude Include="..\..\Src\Math\Color.h">
      <Filter>Src\Math</Filter>
    </ClInclude>
    <ClInclude Include="..\..\Src\Math\Random\Random.h">
      <Filter>Src\Math\Random</Filter>
    </ClInclude>
    <ClInclude Include="..\..\Src\ParticleSystem\ParticleSystemCommon.h">
      <Filter>Src\ParticleSystem</Filter>
    </ClInclude>
    <ClInclude Include="..\..\Src\ParticleSystem\RotationModule.h">
      <Filter>Src\ParticleSystem</Filter>
    </ClInclude>
    <ClInclude Include="..\..\Src\ParticleSystem\ParticleSystemUtils.h">
      <Filter>Src\ParticleSystem</Filter>
    </ClInclude>
    <ClInclude Include="..\..\Src\ParticleSystem\ColorModule.h">
      <Filter>Src\ParticleSystem</Filter>
    </ClInclude>
    <ClInclude Include="..\..\Src\ParticleSystem\SizeModule.h">
      <Filter>Src\ParticleSystem</Filter>
    </ClInclude>
    <ClInclude Include="..\..\Src\Mono\NativeUtil.h">
      <Filter>Src\Mono</Filter>
    </ClInclude>
    <ClInclude Include="..\..\Src\Mono\ScriptingTypes.h">
      <Filter>Src\Mono</Filter>
    </ClInclude>
    <ClInclude Include="..\..\Src\Mono\ScriptingAPI.h">
      <Filter>Src\Mono</Filter>
    </ClInclude>
    <ClInclude Include="..\..\Src\Log\Log.h">
      <Filter>Src\Log</Filter>
    </ClInclude>
    <ClInclude Include="..\..\Src\ParticleSystem\UVModule.h">
      <Filter>Src\ParticleSystem</Filter>
    </ClInclude>
  </ItemGroup>
  <ItemGroup>
    <ClCompile Include="..\..\Src\GfxDevice\BuiltinShaderParams.cpp">
      <Filter>Src\GfxDevice</Filter>
    </ClCompile>
    <ClCompile Include="..\..\Src\GfxDevice\BuiltinShaderParamsNames.cpp">
      <Filter>Src\GfxDevice</Filter>
    </ClCompile>
    <ClCompile Include="..\..\Src\GfxDevice\ChannelAssigns.cpp">
      <Filter>Src\GfxDevice</Filter>
    </ClCompile>
    <ClCompile Include="..\..\Src\GfxDevice\GfxDevice.cpp">
      <Filter>Src\GfxDevice</Filter>
    </ClCompile>
    <ClCompile Include="..\..\Src\GfxDevice\VertexDeclaration.cpp">
      <Filter>Src\GfxDevice</Filter>
    </ClCompile>
    <ClCompile Include="..\..\Src\GfxDevice\d3d\D3D9Context.cpp">
      <Filter>Src\GfxDevice\d3d</Filter>
    </ClCompile>
    <ClCompile Include="..\..\Src\GfxDevice\d3d\D3D9Utils.cpp">
      <Filter>Src\GfxDevice\d3d</Filter>
    </ClCompile>
    <ClCompile Include="..\..\Src\GfxDevice\d3d\GfxDeviceD3D9.cpp">
      <Filter>Src\GfxDevice\d3d</Filter>
    </ClCompile>
    <ClCompile Include="..\..\Src\GfxDevice\d3d\IndexBufferD3D9.cpp">
      <Filter>Src\GfxDevice\d3d</Filter>
    </ClCompile>
    <ClCompile Include="..\..\Src\GfxDevice\d3d\VertexBufferD3D9.cpp">
      <Filter>Src\GfxDevice\d3d</Filter>
    </ClCompile>
    <ClCompile Include="..\..\Src\GfxDevice\d3d\VertexDeclarationD3D9.cpp">
      <Filter>Src\GfxDevice\d3d</Filter>
    </ClCompile>
    <ClCompile Include="..\..\Src\Graphics\Renderer.cpp">
      <Filter>Src\Graphics</Filter>
    </ClCompile>
	<ClCompile Include="..\..\Src\Allocator\MemoryManager.cpp">
      <Filter>Src\Allocator</Filter>
    </ClCompile>
    <ClCompile Include="..\..\Src\Graphics\Mesh\DynamicVBO.cpp">
      <Filter>Src\Graphics\Mesh</Filter>
    </ClCompile>
    <ClCompile Include="..\..\Src\Graphics\Mesh\GenericDynamicVBO.cpp">
      <Filter>Src\Graphics\Mesh</Filter>
    </ClCompile>
    <ClCompile Include="..\..\Src\Graphics\Mesh\MeshVertexFormat.cpp">
      <Filter>Src\Graphics\Mesh</Filter>
    </ClCompile>
    <ClCompile Include="..\..\Src\Graphics\Mesh\VertexData.cpp">
      <Filter>Src\Graphics\Mesh</Filter>
    </ClCompile>
    <ClCompile Include="..\..\Src\Math\Matrix3x3.cpp">
      <Filter>Src\Math</Filter>
    </ClCompile>
    <ClCompile Include="..\..\Src\Math\Matrix4x4.cpp">
      <Filter>Src\Math</Filter>
    </ClCompile>
    <ClCompile Include="..\..\Src\Math\Matrix4x4_REF.cpp">
      <Filter>Src\Math</Filter>
    </ClCompile>
    <ClCompile Include="..\..\Src\Math\Quaternion.cpp">
      <Filter>Src\Math</Filter>
    </ClCompile>
    <ClCompile Include="..\..\Src\Math\Vector3.cpp">
      <Filter>Src\Math</Filter>
    </ClCompile>
    <ClCompile Include="..\..\Src\ParticleSystem\ParticleSystem.cpp">
      <Filter>Src\ParticleSystem</Filter>
    </ClCompile>
    <ClCompile Include="..\..\Src\ParticleSystem\ParticleSystemRenderer.cpp">
      <Filter>Src\ParticleSystem</Filter>
    </ClCompile>
    <ClCompile Include="..\..\Src\Shaders\GraphicsCaps.cpp">
      <Filter>Src\Shaders</Filter>
    </ClCompile>
    <ClCompile Include="..\..\Src\Graphics\Mesh\ShaderChannels.cpp">
      <Filter>Src\Graphics\Mesh</Filter>
    </ClCompile>
    <ClCompile Include="..\..\Src\RenderingPlugin.cpp">
      <Filter>Src</Filter>
    </ClCompile>
    <ClCompile Include="..\..\Src\ParticleSystem\ShapeModule.cpp">
      <Filter>Src\ParticleSystem</Filter>
    </ClCompile>
    <ClCompile Include="..\..\Src\Math\Vector2.cpp">
      <Filter>Src\Math</Filter>
    </ClCompile>
    <ClCompile Include="..\..\Src\ParticleSystem\InitialModule.cpp">
      <Filter>Src\ParticleSystem</Filter>
    </ClCompile>
    <ClCompile Include="..\..\Src\ParticleSystem\ParticleSystemParticles.cpp">
      <Filter>Src\ParticleSystem</Filter>
    </ClCompile>
    <ClCompile Include="..\..\Src\ParticleSystem\ParticleSystemModule.cpp">
      <Filter>Src\ParticleSystem</Filter>
    </ClCompile>
    <ClCompile Include="..\..\Src\Math\Random\rand.cpp">
      <Filter>Src\Math\Random</Filter>
    </ClCompile>
    <ClCompile Include="..\..\Src\ParticleSystem\EmissionModule.cpp">
      <Filter>Src\ParticleSystem</Filter>
    </ClCompile>
    <ClCompile Include="..\..\Src\ParticleSystem\ParticleSystemCurves.cpp">
      <Filter>Src\ParticleSystem</Filter>
    </ClCompile>
    <ClCompile Include="..\..\Src\ParticleSystem\PolynomialCurve.cpp">
      <Filter>Src\ParticleSystem</Filter>
    </ClCompile>
    <ClCompile Include="..\..\Src\Math\AnimationCurve.cpp">
      <Filter>Src\Math</Filter>
    </ClCompile>
    <ClCompile Include="..\..\Src\ParticleSystem\ParticleSystemGradients.cpp">
      <Filter>Src\ParticleSystem</Filter>
    </ClCompile>
    <ClCompile Include="..\..\Src\Math\Gradient.cpp">
      <Filter>Src\Math</Filter>
    </ClCompile>
    <ClCompile Include="..\..\Src\ParticleSystem\RotationModule.cpp">
      <Filter>Src\ParticleSystem</Filter>
    </ClCompile>
    <ClCompile Include="..\..\Src\ParticleSystem\ParticleSystemUtils.cpp">
      <Filter>Src\ParticleSystem</Filter>
    </ClCompile>
    <ClCompile Include="..\..\Src\ParticleSystem\ColorModule.cpp">
      <Filter>Src\ParticleSystem</Filter>
    </ClCompile>
    <ClCompile Include="..\..\Src\ParticleSystem\SizeModule.cpp">
      <Filter>Src\ParticleSystem</Filter>
    </ClCompile>
    <ClCompile Include="..\..\Src\Mono\NativeUtil.cpp">
      <Filter>Src\Mono</Filter>
    </ClCompile>
    <ClCompile Include="..\..\Src\Mono\ScriptingAPI_Mono.cpp">
      <Filter>Src\Mono</Filter>
    </ClCompile>
    <ClCompile Include="..\..\Src\Mono\ScriptingAPI.cpp">
      <Filter>Src\Mono</Filter>
    </ClCompile>
    <ClCompile Include="..\..\Src\Log\Log.cpp">
      <Filter>Src\Log</Filter>
    </ClCompile>
    <ClCompile Include="..\..\Src\Input\TimeManager.cpp">
      <Filter>Src\Input</Filter>
    </ClCompile>
    <ClCompile Include="..\..\Src\ParticleSystem\UVModule.cpp">
      <Filter>Src\ParticleSystem</Filter>
    </ClCompile>
  </ItemGroup>
</Project>